
Microsoft Visual Studio Solution File, Format Version 12.00
# Visual Studio Version 17
VisualStudioVersion = 17.3.32819.101
MinimumVisualStudioVersion = 10.0.40219.1
Project("{FAE04EC0-301F-11D3-BF4B-00C04F79EFBC}") = "MetAplay", "MetAplay\MetAplay.csproj", "{FC423F66-D0CB-48C5-8391-C34393962E5B}"
EndProject
Project("{FAE04EC0-301F-11D3-BF4B-00C04F79EFBC}") = "ServerCore", "ServerCore\ServerCore.csproj", "{50056FDE-2B8A-4DDE-8FA5-ECF2484178E6}"
EndProject
Project("{FAE04EC0-301F-11D3-BF4B-00C04F79EFBC}") = "ProtocolGenerator", "ProtocolGenerator\ProtocolGenerator.csproj", "{7BD4C530-FEFA-49C9-8032-4DF9E8D453D4}"
EndProject
Global
	GlobalSection(SolutionConfigurationPlatforms) = preSolution
		Debug|Any CPU = Debug|Any CPU
		Release|Any CPU = Release|Any CPU
	EndGlobalSection
	GlobalSection(ProjectConfigurationPlatforms) = postSolution
		{FC423F66-D0CB-48C5-8391-C34393962E5B}.Debug|Any CPU.ActiveCfg = Debug|Any CPU
		{FC423F66-D0CB-48C5-8391-C34393962E5B}.Debug|Any CPU.Build.0 = Debug|Any CPU
		{FC423F66-D0CB-48C5-8391-C34393962E5B}.Release|Any CPU.ActiveCfg = Release|Any CPU
		{FC423F66-D0CB-48C5-8391-C34393962E5B}.Release|Any CPU.Build.0 = Release|Any CPU
		{50056FDE-2B8A-4DDE-8FA5-ECF2484178E6}.Debug|Any CPU.ActiveCfg = Debug|Any CPU
		{50056FDE-2B8A-4DDE-8FA5-ECF2484178E6}.Debug|Any CPU.Build.0 = Debug|Any CPU
		{50056FDE-2B8A-4DDE-8FA5-ECF2484178E6}.Release|Any CPU.ActiveCfg = Release|Any CPU
		{50056FDE-2B8A-4DDE-8FA5-ECF2484178E6}.Release|Any CPU.Build.0 = Release|Any CPU
		{7BD4C530-FEFA-49C9-8032-4DF9E8D453D4}.Debug|Any CPU.ActiveCfg = Debug|Any CPU
		{7BD4C530-FEFA-49C9-8032-4DF9E8D453D4}.Debug|Any CPU.Build.0 = Debug|Any CPU
		{7BD4C530-FEFA-49C9-8032-4DF9E8D453D4}.Release|Any CPU.ActiveCfg = Release|Any CPU
		{7BD4C530-FEFA-49C9-8032-4DF9E8D453D4}.Release|Any CPU.Build.0 = Release|Any CPU
	EndGlobalSection
	GlobalSection(SolutionProperties) = preSolution
		HideSolutionNode = FALSE
	EndGlobalSection
	GlobalSection(ExtensibilityGlobals) = postSolution
		SolutionGuid = {26251331-FB22-4064-B6A2-8038A3F788DF}
	EndGlobalSection
EndGlobal
